dependencies:
- name: common
  repository: https://bjw-s-labs.github.io/helm-charts/
  version: 4.6.2
- name: postgresql
  repository: https://charts.bitnami.com/bitnami
  version: 15.5.21
- name: cluster
  repository: https://cloudnative-pg.github.io/charts
  version: 0.6.0
digest: sha256:6b783fc33161e465071e9dee2667b98b55dc03f3c485f7b42770cf53e37e675f
generated: "2026-04-26T16:34:57.185281438+03:00"
